
Microsoft Visual Studio Solution File, Format Version 12.00
# Visual Studio Version 17
VisualStudioVersion = 17.0.31903.59
MinimumVisualStudioVersion = 10.0.40219.1
Project("{2150E333-8FDC-42A3-9474-1A3956D46DE8}") = "Solution Items", "Solution Items", "{50F239F2-6D78-48C3-A4AB-824CE4EBC078}"
	ProjectSection(SolutionItems) = preProject
		appveyor.yml = appveyor.yml
		publish.ps1 = publish.ps1
		README.md = README.md
	EndProjectSection
EndProject
Project("{9A19103F-16F7-4668-BE54-9A1E7A4F7556}") = "AmbermoonEditor", "AmbermoonEditor\AmbermoonEditor.csproj", "{590149D8-C736-46EA-A5E1-189AF81EE0C2}"
EndProject
Project("{9A19103F-16F7-4668-BE54-9A1E7A4F7556}") = "AmbermoonPack", "AmbermoonPack\AmbermoonPack.csproj", "{5A049015-D6F7-4DE9-86E5-1289053DC54B}"
EndProject
Project("{9A19103F-16F7-4668-BE54-9A1E7A4F7556}") = "AmbermoonMonsterEditor", "AmbermoonMonsterEditor\AmbermoonMonsterEditor.csproj", "{A5F2021C-9DFA-4195-A5E0-3E1090D93B38}"
EndProject
Project("{9A19103F-16F7-4668-BE54-9A1E7A4F7556}") = "AmbermoonTextImport", "AmbermoonTextImport\AmbermoonTextImport.csproj", "{7F4DC336-1F5E-4701-ABD2-EF18DCACE48F}"
EndProject
Project("{9A19103F-16F7-4668-BE54-9A1E7A4F7556}") = "AmbermoonDiskExtract", "AmbermoonDiskExtract\AmbermoonDiskExtract.csproj", "{01631570-E32D-4AC4-9091-79F79F86DBE9}"
EndProject
Project("{9A19103F-16F7-4668-BE54-9A1E7A4F7556}") = "AmbermoonEventEditor", "AmbermoonEventEditor\AmbermoonEventEditor.csproj", "{BA986E4A-0D74-4D22-BB11-C94708F7FB95}"
EndProject
Project("{9A19103F-16F7-4668-BE54-9A1E7A4F7556}") = "AmbermoonMapEditor2D", "AmbermoonMapEditor2D\AmbermoonMapEditor2D.csproj", "{A94BB28D-EBD5-487A-9EA6-695970863836}"
EndProject
Project("{9A19103F-16F7-4668-BE54-9A1E7A4F7556}") = "AmbermoonItemEditor", "AmbermoonItemEditor\AmbermoonItemEditor.csproj", "{6E9CDD94-A7C9-4194-A354-80171B4A1634}"
EndProject
Project("{9A19103F-16F7-4668-BE54-9A1E7A4F7556}") = "Ambermoon.Data.Descriptions", "Ambermoon.Data.Descriptions\Ambermoon.Data.Descriptions.csproj", "{C3ACC3FA-DBDD-4B38-B91F-27D2BA723DEF}"
EndProject
Project("{9A19103F-16F7-4668-BE54-9A1E7A4F7556}") = "Ambermoon3DMapViewer", "Ambermoon3DMapViewer\Ambermoon3DMapViewer.csproj", "{360CC08E-5F4E-4217-9991-79A7F9AF0503}"
EndProject
Project("{9A19103F-16F7-4668-BE54-9A1E7A4F7556}") = "AmbermoonImageConverter", "AmbermoonImageConverter\AmbermoonImageConverter.csproj", "{AA6B9DD8-724C-4A36-AEA0-764022A512FC}"
EndProject
Project("{9A19103F-16F7-4668-BE54-9A1E7A4F7556}") = "AmbermoonLabdataEditor", "AmbermoonLabdataEditor\AmbermoonLabdataEditor.csproj", "{E83925E3-5C50-4300-B86B-AC26CD36B904}"
EndProject
Project("{9A19103F-16F7-4668-BE54-9A1E7A4F7556}") = "AmbermoonCharEditor", "AmbermoonCharEditor\AmbermoonCharEditor.csproj", "{5AF70021-F1C0-4093-9476-C42FA13AA6C7}"
EndProject
Project("{9A19103F-16F7-4668-BE54-9A1E7A4F7556}") = "AmbermoonMapEditor3D", "AmbermoonMapEditor3D\AmbermoonMapEditor3D.csproj", "{28AD388D-6A41-4C4F-99D5-C1F1411C69A0}"
EndProject
Project("{9A19103F-16F7-4668-BE54-9A1E7A4F7556}") = "AmbermoonMapCharEditor", "AmbermoonMapCharEditor\AmbermoonMapCharEditor.csproj", "{40FA3E72-A33A-4BCB-8CCA-6695E1B41358}"
EndProject
Project("{9A19103F-16F7-4668-BE54-9A1E7A4F7556}") = "AmbermoonTextManager", "AmbermoonTextManager\AmbermoonTextManager.csproj", "{41460891-9AFC-4259-8E83-3FEAE82BBA76}"
EndProject
Project("{9A19103F-16F7-4668-BE54-9A1E7A4F7556}") = "AmbermoonImageEditor", "AmbermoonImageEditor\AmbermoonImageEditor.csproj", "{11D6D023-BE58-4648-93AD-C52AD63E4A89}"
EndProject
Project("{9A19103F-16F7-4668-BE54-9A1E7A4F7556}") = "AmbermoonListExtractor", "AmbermoonListExtractor\AmbermoonListExtractor.csproj", "{FCD634B1-AE09-4D08-BFEC-A87CF66F2848}"
EndProject
Global
	GlobalSection(SolutionConfigurationPlatforms) = preSolution
		Debug|Any CPU = Debug|Any CPU
		DebugAndroid|Any CPU = DebugAndroid|Any CPU
		DebugES|Any CPU = DebugES|Any CPU
		Release|Any CPU = Release|Any CPU
		ReleaseES|Any CPU = ReleaseES|Any CPU
		ReleaseLinux|Any CPU = ReleaseLinux|Any CPU
	EndGlobalSection
	GlobalSection(ProjectConfigurationPlatforms) = postSolution
		{590149D8-C736-46EA-A5E1-189AF81EE0C2}.Debug|Any CPU.ActiveCfg = Debug|Any CPU
		{590149D8-C736-46EA-A5E1-189AF81EE0C2}.Debug|Any CPU.Build.0 = Debug|Any CPU
		{590149D8-C736-46EA-A5E1-189AF81EE0C2}.DebugAndroid|Any CPU.ActiveCfg = Debug|Any CPU
		{590149D8-C736-46EA-A5E1-189AF81EE0C2}.DebugAndroid|Any CPU.Build.0 = Debug|Any CPU
		{590149D8-C736-46EA-A5E1-189AF81EE0C2}.DebugES|Any CPU.ActiveCfg = Debug|Any CPU
		{590149D8-C736-46EA-A5E1-189AF81EE0C2}.DebugES|Any CPU.Build.0 = Debug|Any CPU
		{590149D8-C736-46EA-A5E1-189AF81EE0C2}.Release|Any CPU.ActiveCfg = Release|Any CPU
		{590149D8-C736-46EA-A5E1-189AF81EE0C2}.Release|Any CPU.Build.0 = Release|Any CPU
		{590149D8-C736-46EA-A5E1-189AF81EE0C2}.ReleaseES|Any CPU.ActiveCfg = ReleaseLinux|Any CPU
		{590149D8-C736-46EA-A5E1-189AF81EE0C2}.ReleaseES|Any CPU.Build.0 = ReleaseLinux|Any CPU
		{590149D8-C736-46EA-A5E1-189AF81EE0C2}.ReleaseLinux|Any CPU.ActiveCfg = ReleaseLinux|Any CPU
		{5A049015-D6F7-4DE9-86E5-1289053DC54B}.Debug|Any CPU.ActiveCfg = Debug|Any CPU
		{5A049015-D6F7-4DE9-86E5-1289053DC54B}.Debug|Any CPU.Build.0 = Debug|Any CPU
		{5A049015-D6F7-4DE9-86E5-1289053DC54B}.DebugAndroid|Any CPU.ActiveCfg = Debug|Any CPU
		{5A049015-D6F7-4DE9-86E5-1289053DC54B}.DebugAndroid|Any CPU.Build.0 = Debug|Any CPU
		{5A049015-D6F7-4DE9-86E5-1289053DC54B}.DebugES|Any CPU.ActiveCfg = Debug|Any CPU
		{5A049015-D6F7-4DE9-86E5-1289053DC54B}.DebugES|Any CPU.Build.0 = Debug|Any CPU
		{5A049015-D6F7-4DE9-86E5-1289053DC54B}.Release|Any CPU.ActiveCfg = Release|Any CPU
		{5A049015-D6F7-4DE9-86E5-1289053DC54B}.Release|Any CPU.Build.0 = Release|Any CPU
		{5A049015-D6F7-4DE9-86E5-1289053DC54B}.ReleaseES|Any CPU.ActiveCfg = ReleaseLinux|Any CPU
		{5A049015-D6F7-4DE9-86E5-1289053DC54B}.ReleaseES|Any CPU.Build.0 = ReleaseLinux|Any CPU
		{5A049015-D6F7-4DE9-86E5-1289053DC54B}.ReleaseLinux|Any CPU.ActiveCfg = ReleaseLinux|Any CPU
		{5A049015-D6F7-4DE9-86E5-1289053DC54B}.ReleaseLinux|Any CPU.Build.0 = ReleaseLinux|Any CPU
		{A5F2021C-9DFA-4195-A5E0-3E1090D93B38}.Debug|Any CPU.ActiveCfg = Debug|Any CPU
		{A5F2021C-9DFA-4195-A5E0-3E1090D93B38}.Debug|Any CPU.Build.0 = Debug|Any CPU
		{A5F2021C-9DFA-4195-A5E0-3E1090D93B38}.DebugAndroid|Any CPU.ActiveCfg = Debug|Any CPU
		{A5F2021C-9DFA-4195-A5E0-3E1090D93B38}.DebugAndroid|Any CPU.Build.0 = Debug|Any CPU
		{A5F2021C-9DFA-4195-A5E0-3E1090D93B38}.DebugES|Any CPU.ActiveCfg = Debug|Any CPU
		{A5F2021C-9DFA-4195-A5E0-3E1090D93B38}.DebugES|Any CPU.Build.0 = Debug|Any CPU
		{A5F2021C-9DFA-4195-A5E0-3E1090D93B38}.Release|Any CPU.ActiveCfg = Release|Any CPU
		{A5F2021C-9DFA-4195-A5E0-3E1090D93B38}.Release|Any CPU.Build.0 = Release|Any CPU
		{A5F2021C-9DFA-4195-A5E0-3E1090D93B38}.ReleaseES|Any CPU.ActiveCfg = ReleaseLinux|Any CPU
		{A5F2021C-9DFA-4195-A5E0-3E1090D93B38}.ReleaseES|Any CPU.Build.0 = ReleaseLinux|Any CPU
		{A5F2021C-9DFA-4195-A5E0-3E1090D93B38}.ReleaseLinux|Any CPU.ActiveCfg = ReleaseLinux|Any CPU
		{A5F2021C-9DFA-4195-A5E0-3E1090D93B38}.ReleaseLinux|Any CPU.Build.0 = ReleaseLinux|Any CPU
		{7F4DC336-1F5E-4701-ABD2-EF18DCACE48F}.Debug|Any CPU.ActiveCfg = Debug|Any CPU
		{7F4DC336-1F5E-4701-ABD2-EF18DCACE48F}.Debug|Any CPU.Build.0 = Debug|Any CPU
		{7F4DC336-1F5E-4701-ABD2-EF18DCACE48F}.DebugAndroid|Any CPU.ActiveCfg = Debug|Any CPU
		{7F4DC336-1F5E-4701-ABD2-EF18DCACE48F}.DebugAndroid|Any CPU.Build.0 = Debug|Any CPU
		{7F4DC336-1F5E-4701-ABD2-EF18DCACE48F}.DebugES|Any CPU.ActiveCfg = Debug|Any CPU
		{7F4DC336-1F5E-4701-ABD2-EF18DCACE48F}.DebugES|Any CPU.Build.0 = Debug|Any CPU
		{7F4DC336-1F5E-4701-ABD2-EF18DCACE48F}.Release|Any CPU.ActiveCfg = Release|Any CPU
		{7F4DC336-1F5E-4701-ABD2-EF18DCACE48F}.Release|Any CPU.Build.0 = Release|Any CPU
		{7F4DC336-1F5E-4701-ABD2-EF18DCACE48F}.ReleaseES|Any CPU.ActiveCfg = ReleaseLinux|Any CPU
		{7F4DC336-1F5E-4701-ABD2-EF18DCACE48F}.ReleaseES|Any CPU.Build.0 = ReleaseLinux|Any CPU
		{7F4DC336-1F5E-4701-ABD2-EF18DCACE48F}.ReleaseLinux|Any CPU.ActiveCfg = ReleaseLinux|Any CPU
		{7F4DC336-1F5E-4701-ABD2-EF18DCACE48F}.ReleaseLinux|Any CPU.Build.0 = ReleaseLinux|Any CPU
		{01631570-E32D-4AC4-9091-79F79F86DBE9}.Debug|Any CPU.ActiveCfg = Debug|Any CPU
		{01631570-E32D-4AC4-9091-79F79F86DBE9}.Debug|Any CPU.Build.0 = Debug|Any CPU
		{01631570-E32D-4AC4-9091-79F79F86DBE9}.DebugAndroid|Any CPU.ActiveCfg = Debug|Any CPU
		{01631570-E32D-4AC4-9091-79F79F86DBE9}.DebugAndroid|Any CPU.Build.0 = Debug|Any CPU
		{01631570-E32D-4AC4-9091-79F79F86DBE9}.DebugES|Any CPU.ActiveCfg = Debug|Any CPU
		{01631570-E32D-4AC4-9091-79F79F86DBE9}.DebugES|Any CPU.Build.0 = Debug|Any CPU
		{01631570-E32D-4AC4-9091-79F79F86DBE9}.Release|Any CPU.ActiveCfg = Release|Any CPU
		{01631570-E32D-4AC4-9091-79F79F86DBE9}.Release|Any CPU.Build.0 = Release|Any CPU
		{01631570-E32D-4AC4-9091-79F79F86DBE9}.ReleaseES|Any CPU.ActiveCfg = ReleaseLinux|Any CPU
		{01631570-E32D-4AC4-9091-79F79F86DBE9}.ReleaseES|Any CPU.Build.0 = ReleaseLinux|Any CPU
		{01631570-E32D-4AC4-9091-79F79F86DBE9}.ReleaseLinux|Any CPU.ActiveCfg = ReleaseLinux|Any CPU
		{01631570-E32D-4AC4-9091-79F79F86DBE9}.ReleaseLinux|Any CPU.Build.0 = ReleaseLinux|Any CPU
		{BA986E4A-0D74-4D22-BB11-C94708F7FB95}.Debug|Any CPU.ActiveCfg = Debug|Any CPU
		{BA986E4A-0D74-4D22-BB11-C94708F7FB95}.Debug|Any CPU.Build.0 = Debug|Any CPU
		{BA986E4A-0D74-4D22-BB11-C94708F7FB95}.DebugAndroid|Any CPU.ActiveCfg = Debug|Any CPU
		{BA986E4A-0D74-4D22-BB11-C94708F7FB95}.DebugAndroid|Any CPU.Build.0 = Debug|Any CPU
		{BA986E4A-0D74-4D22-BB11-C94708F7FB95}.DebugES|Any CPU.ActiveCfg = Debug|Any CPU
		{BA986E4A-0D74-4D22-BB11-C94708F7FB95}.DebugES|Any CPU.Build.0 = Debug|Any CPU
		{BA986E4A-0D74-4D22-BB11-C94708F7FB95}.Release|Any CPU.ActiveCfg = Release|Any CPU
		{BA986E4A-0D74-4D22-BB11-C94708F7FB95}.Release|Any CPU.Build.0 = Release|Any CPU
		{BA986E4A-0D74-4D22-BB11-C94708F7FB95}.ReleaseES|Any CPU.ActiveCfg = ReleaseLinux|Any CPU
		{BA986E4A-0D74-4D22-BB11-C94708F7FB95}.ReleaseES|Any CPU.Build.0 = ReleaseLinux|Any CPU
		{BA986E4A-0D74-4D22-BB11-C94708F7FB95}.ReleaseLinux|Any CPU.ActiveCfg = ReleaseLinux|Any CPU
		{BA986E4A-0D74-4D22-BB11-C94708F7FB95}.ReleaseLinux|Any CPU.Build.0 = ReleaseLinux|Any CPU
		{A94BB28D-EBD5-487A-9EA6-695970863836}.Debug|Any CPU.ActiveCfg = Debug|Any CPU
		{A94BB28D-EBD5-487A-9EA6-695970863836}.Debug|Any CPU.Build.0 = Debug|Any CPU
		{A94BB28D-EBD5-487A-9EA6-695970863836}.DebugAndroid|Any CPU.ActiveCfg = Debug|Any CPU
		{A94BB28D-EBD5-487A-9EA6-695970863836}.DebugAndroid|Any CPU.Build.0 = Debug|Any CPU
		{A94BB28D-EBD5-487A-9EA6-695970863836}.DebugES|Any CPU.ActiveCfg = Debug|Any CPU
		{A94BB28D-EBD5-487A-9EA6-695970863836}.DebugES|Any CPU.Build.0 = Debug|Any CPU
		{A94BB28D-EBD5-487A-9EA6-695970863836}.Release|Any CPU.ActiveCfg = Release|Any CPU
		{A94BB28D-EBD5-487A-9EA6-695970863836}.Release|Any CPU.Build.0 = Release|Any CPU
		{A94BB28D-EBD5-487A-9EA6-695970863836}.ReleaseES|Any CPU.ActiveCfg = ReleaseLinux|Any CPU
		{A94BB28D-EBD5-487A-9EA6-695970863836}.ReleaseES|Any CPU.Build.0 = ReleaseLinux|Any CPU
		{A94BB28D-EBD5-487A-9EA6-695970863836}.ReleaseLinux|Any CPU.ActiveCfg = ReleaseLinux|Any CPU
		{6E9CDD94-A7C9-4194-A354-80171B4A1634}.Debug|Any CPU.ActiveCfg = Debug|Any CPU
		{6E9CDD94-A7C9-4194-A354-80171B4A1634}.Debug|Any CPU.Build.0 = Debug|Any CPU
		{6E9CDD94-A7C9-4194-A354-80171B4A1634}.DebugAndroid|Any CPU.ActiveCfg = Debug|Any CPU
		{6E9CDD94-A7C9-4194-A354-80171B4A1634}.DebugAndroid|Any CPU.Build.0 = Debug|Any CPU
		{6E9CDD94-A7C9-4194-A354-80171B4A1634}.DebugES|Any CPU.ActiveCfg = Debug|Any CPU
		{6E9CDD94-A7C9-4194-A354-80171B4A1634}.DebugES|Any CPU.Build.0 = Debug|Any CPU
		{6E9CDD94-A7C9-4194-A354-80171B4A1634}.Release|Any CPU.ActiveCfg = Release|Any CPU
		{6E9CDD94-A7C9-4194-A354-80171B4A1634}.Release|Any CPU.Build.0 = Release|Any CPU
		{6E9CDD94-A7C9-4194-A354-80171B4A1634}.ReleaseES|Any CPU.ActiveCfg = Release|Any CPU
		{6E9CDD94-A7C9-4194-A354-80171B4A1634}.ReleaseES|Any CPU.Build.0 = Release|Any CPU
		{6E9CDD94-A7C9-4194-A354-80171B4A1634}.ReleaseLinux|Any CPU.ActiveCfg = Release|Any CPU
		{6E9CDD94-A7C9-4194-A354-80171B4A1634}.ReleaseLinux|Any CPU.Build.0 = Release|Any CPU
		{C3ACC3FA-DBDD-4B38-B91F-27D2BA723DEF}.Debug|Any CPU.ActiveCfg = Debug|Any CPU
		{C3ACC3FA-DBDD-4B38-B91F-27D2BA723DEF}.Debug|Any CPU.Build.0 = Debug|Any CPU
		{C3ACC3FA-DBDD-4B38-B91F-27D2BA723DEF}.DebugAndroid|Any CPU.ActiveCfg = Debug|Any CPU
		{C3ACC3FA-DBDD-4B38-B91F-27D2BA723DEF}.DebugAndroid|Any CPU.Build.0 = Debug|Any CPU
		{C3ACC3FA-DBDD-4B38-B91F-27D2BA723DEF}.DebugES|Any CPU.ActiveCfg = Debug|Any CPU
		{C3ACC3FA-DBDD-4B38-B91F-27D2BA723DEF}.DebugES|Any CPU.Build.0 = Debug|Any CPU
		{C3ACC3FA-DBDD-4B38-B91F-27D2BA723DEF}.Release|Any CPU.ActiveCfg = Release|Any CPU
		{C3ACC3FA-DBDD-4B38-B91F-27D2BA723DEF}.Release|Any CPU.Build.0 = Release|Any CPU
		{C3ACC3FA-DBDD-4B38-B91F-27D2BA723DEF}.ReleaseES|Any CPU.ActiveCfg = Release|Any CPU
		{C3ACC3FA-DBDD-4B38-B91F-27D2BA723DEF}.ReleaseES|Any CPU.Build.0 = Release|Any CPU
		{C3ACC3FA-DBDD-4B38-B91F-27D2BA723DEF}.ReleaseLinux|Any CPU.ActiveCfg = Release|Any CPU
		{C3ACC3FA-DBDD-4B38-B91F-27D2BA723DEF}.ReleaseLinux|Any CPU.Build.0 = Release|Any CPU
		{360CC08E-5F4E-4217-9991-79A7F9AF0503}.Debug|Any CPU.ActiveCfg = Debug|Any CPU
		{360CC08E-5F4E-4217-9991-79A7F9AF0503}.Debug|Any CPU.Build.0 = Debug|Any CPU
		{360CC08E-5F4E-4217-9991-79A7F9AF0503}.DebugAndroid|Any CPU.ActiveCfg = Debug|Any CPU
		{360CC08E-5F4E-4217-9991-79A7F9AF0503}.DebugAndroid|Any CPU.Build.0 = Debug|Any CPU
		{360CC08E-5F4E-4217-9991-79A7F9AF0503}.DebugES|Any CPU.ActiveCfg = Debug|Any CPU
		{360CC08E-5F4E-4217-9991-79A7F9AF0503}.DebugES|Any CPU.Build.0 = Debug|Any CPU
		{360CC08E-5F4E-4217-9991-79A7F9AF0503}.Release|Any CPU.ActiveCfg = Release|Any CPU
		{360CC08E-5F4E-4217-9991-79A7F9AF0503}.Release|Any CPU.Build.0 = Release|Any CPU
		{360CC08E-5F4E-4217-9991-79A7F9AF0503}.ReleaseES|Any CPU.ActiveCfg = Release|Any CPU
		{360CC08E-5F4E-4217-9991-79A7F9AF0503}.ReleaseES|Any CPU.Build.0 = Release|Any CPU
		{360CC08E-5F4E-4217-9991-79A7F9AF0503}.ReleaseLinux|Any CPU.ActiveCfg = Release|Any CPU
		{360CC08E-5F4E-4217-9991-79A7F9AF0503}.ReleaseLinux|Any CPU.Build.0 = Release|Any CPU
		{AA6B9DD8-724C-4A36-AEA0-764022A512FC}.Debug|Any CPU.ActiveCfg = Debug|Any CPU
		{AA6B9DD8-724C-4A36-AEA0-764022A512FC}.Debug|Any CPU.Build.0 = Debug|Any CPU
		{AA6B9DD8-724C-4A36-AEA0-764022A512FC}.DebugAndroid|Any CPU.ActiveCfg = Debug|Any CPU
		{AA6B9DD8-724C-4A36-AEA0-764022A512FC}.DebugAndroid|Any CPU.Build.0 = Debug|Any CPU
		{AA6B9DD8-724C-4A36-AEA0-764022A512FC}.DebugES|Any CPU.ActiveCfg = Debug|Any CPU
		{AA6B9DD8-724C-4A36-AEA0-764022A512FC}.DebugES|Any CPU.Build.0 = Debug|Any CPU
		{AA6B9DD8-724C-4A36-AEA0-764022A512FC}.Release|Any CPU.ActiveCfg = Release|Any CPU
		{AA6B9DD8-724C-4A36-AEA0-764022A512FC}.Release|Any CPU.Build.0 = Release|Any CPU
		{AA6B9DD8-724C-4A36-AEA0-764022A512FC}.ReleaseES|Any CPU.ActiveCfg = ReleaseLinux|Any CPU
		{AA6B9DD8-724C-4A36-AEA0-764022A512FC}.ReleaseES|Any CPU.Build.0 = ReleaseLinux|Any CPU
		{AA6B9DD8-724C-4A36-AEA0-764022A512FC}.ReleaseLinux|Any CPU.ActiveCfg = ReleaseLinux|Any CPU
		{AA6B9DD8-724C-4A36-AEA0-764022A512FC}.ReleaseLinux|Any CPU.Build.0 = ReleaseLinux|Any CPU
		{E83925E3-5C50-4300-B86B-AC26CD36B904}.Debug|Any CPU.ActiveCfg = Debug|Any CPU
		{E83925E3-5C50-4300-B86B-AC26CD36B904}.Debug|Any CPU.Build.0 = Debug|Any CPU
		{E83925E3-5C50-4300-B86B-AC26CD36B904}.DebugAndroid|Any CPU.ActiveCfg = Debug|Any CPU
		{E83925E3-5C50-4300-B86B-AC26CD36B904}.DebugAndroid|Any CPU.Build.0 = Debug|Any CPU
		{E83925E3-5C50-4300-B86B-AC26CD36B904}.DebugES|Any CPU.ActiveCfg = Debug|Any CPU
		{E83925E3-5C50-4300-B86B-AC26CD36B904}.DebugES|Any CPU.Build.0 = Debug|Any CPU
		{E83925E3-5C50-4300-B86B-AC26CD36B904}.Release|Any CPU.ActiveCfg = Release|Any CPU
		{E83925E3-5C50-4300-B86B-AC26CD36B904}.Release|Any CPU.Build.0 = Release|Any CPU
		{E83925E3-5C50-4300-B86B-AC26CD36B904}.ReleaseES|Any CPU.ActiveCfg = Release|Any CPU
		{E83925E3-5C50-4300-B86B-AC26CD36B904}.ReleaseES|Any CPU.Build.0 = Release|Any CPU
		{E83925E3-5C50-4300-B86B-AC26CD36B904}.ReleaseLinux|Any CPU.ActiveCfg = Release|Any CPU
		{E83925E3-5C50-4300-B86B-AC26CD36B904}.ReleaseLinux|Any CPU.Build.0 = Release|Any CPU
		{5AF70021-F1C0-4093-9476-C42FA13AA6C7}.Debug|Any CPU.ActiveCfg = Debug|Any CPU
		{5AF70021-F1C0-4093-9476-C42FA13AA6C7}.Debug|Any CPU.Build.0 = Debug|Any CPU
		{5AF70021-F1C0-4093-9476-C42FA13AA6C7}.DebugAndroid|Any CPU.ActiveCfg = Debug|Any CPU
		{5AF70021-F1C0-4093-9476-C42FA13AA6C7}.DebugAndroid|Any CPU.Build.0 = Debug|Any CPU
		{5AF70021-F1C0-4093-9476-C42FA13AA6C7}.DebugES|Any CPU.ActiveCfg = Debug|Any CPU
		{5AF70021-F1C0-4093-9476-C42FA13AA6C7}.DebugES|Any CPU.Build.0 = Debug|Any CPU
		{5AF70021-F1C0-4093-9476-C42FA13AA6C7}.Release|Any CPU.ActiveCfg = Release|Any CPU
		{5AF70021-F1C0-4093-9476-C42FA13AA6C7}.Release|Any CPU.Build.0 = Release|Any CPU
		{5AF70021-F1C0-4093-9476-C42FA13AA6C7}.ReleaseES|Any CPU.ActiveCfg = Release|Any CPU
		{5AF70021-F1C0-4093-9476-C42FA13AA6C7}.ReleaseES|Any CPU.Build.0 = Release|Any CPU
		{5AF70021-F1C0-4093-9476-C42FA13AA6C7}.ReleaseLinux|Any CPU.ActiveCfg = Release|Any CPU
		{5AF70021-F1C0-4093-9476-C42FA13AA6C7}.ReleaseLinux|Any CPU.Build.0 = Release|Any CPU
		{28AD388D-6A41-4C4F-99D5-C1F1411C69A0}.Debug|Any CPU.ActiveCfg = Debug|Any CPU
		{28AD388D-6A41-4C4F-99D5-C1F1411C69A0}.Debug|Any CPU.Build.0 = Debug|Any CPU
		{28AD388D-6A41-4C4F-99D5-C1F1411C69A0}.DebugAndroid|Any CPU.ActiveCfg = Debug|Any CPU
		{28AD388D-6A41-4C4F-99D5-C1F1411C69A0}.DebugAndroid|Any CPU.Build.0 = Debug|Any CPU
		{28AD388D-6A41-4C4F-99D5-C1F1411C69A0}.DebugES|Any CPU.ActiveCfg = Debug|Any CPU
		{28AD388D-6A41-4C4F-99D5-C1F1411C69A0}.DebugES|Any CPU.Build.0 = Debug|Any CPU
		{28AD388D-6A41-4C4F-99D5-C1F1411C69A0}.Release|Any CPU.ActiveCfg = Release|Any CPU
		{28AD388D-6A41-4C4F-99D5-C1F1411C69A0}.Release|Any CPU.Build.0 = Release|Any CPU
		{28AD388D-6A41-4C4F-99D5-C1F1411C69A0}.ReleaseES|Any CPU.ActiveCfg = ReleaseLinux|Any CPU
		{28AD388D-6A41-4C4F-99D5-C1F1411C69A0}.ReleaseES|Any CPU.Build.0 = ReleaseLinux|Any CPU
		{28AD388D-6A41-4C4F-99D5-C1F1411C69A0}.ReleaseLinux|Any CPU.ActiveCfg = Release|Any CPU
		{40FA3E72-A33A-4BCB-8CCA-6695E1B41358}.Debug|Any CPU.ActiveCfg = Debug|Any CPU
		{40FA3E72-A33A-4BCB-8CCA-6695E1B41358}.Debug|Any CPU.Build.0 = Debug|Any CPU
		{40FA3E72-A33A-4BCB-8CCA-6695E1B41358}.DebugAndroid|Any CPU.ActiveCfg = Debug|Any CPU
		{40FA3E72-A33A-4BCB-8CCA-6695E1B41358}.DebugAndroid|Any CPU.Build.0 = Debug|Any CPU
		{40FA3E72-A33A-4BCB-8CCA-6695E1B41358}.DebugES|Any CPU.ActiveCfg = Debug|Any CPU
		{40FA3E72-A33A-4BCB-8CCA-6695E1B41358}.DebugES|Any CPU.Build.0 = Debug|Any CPU
		{40FA3E72-A33A-4BCB-8CCA-6695E1B41358}.Release|Any CPU.ActiveCfg = Release|Any CPU
		{40FA3E72-A33A-4BCB-8CCA-6695E1B41358}.Release|Any CPU.Build.0 = Release|Any CPU
		{40FA3E72-A33A-4BCB-8CCA-6695E1B41358}.ReleaseES|Any CPU.ActiveCfg = ReleaseLinux|Any CPU
		{40FA3E72-A33A-4BCB-8CCA-6695E1B41358}.ReleaseES|Any CPU.Build.0 = ReleaseLinux|Any CPU
		{40FA3E72-A33A-4BCB-8CCA-6695E1B41358}.ReleaseLinux|Any CPU.ActiveCfg = Release|Any CPU
		{41460891-9AFC-4259-8E83-3FEAE82BBA76}.Debug|Any CPU.ActiveCfg = Debug|Any CPU
		{41460891-9AFC-4259-8E83-3FEAE82BBA76}.Debug|Any CPU.Build.0 = Debug|Any CPU
		{41460891-9AFC-4259-8E83-3FEAE82BBA76}.DebugAndroid|Any CPU.ActiveCfg = Debug|Any CPU
		{41460891-9AFC-4259-8E83-3FEAE82BBA76}.DebugAndroid|Any CPU.Build.0 = Debug|Any CPU
		{41460891-9AFC-4259-8E83-3FEAE82BBA76}.DebugES|Any CPU.ActiveCfg = Debug|Any CPU
		{41460891-9AFC-4259-8E83-3FEAE82BBA76}.DebugES|Any CPU.Build.0 = Debug|Any CPU
		{41460891-9AFC-4259-8E83-3FEAE82BBA76}.Release|Any CPU.ActiveCfg = Release|Any CPU
		{41460891-9AFC-4259-8E83-3FEAE82BBA76}.Release|Any CPU.Build.0 = Release|Any CPU
		{41460891-9AFC-4259-8E83-3FEAE82BBA76}.ReleaseES|Any CPU.ActiveCfg = ReleaseLinux|Any CPU
		{41460891-9AFC-4259-8E83-3FEAE82BBA76}.ReleaseES|Any CPU.Build.0 = ReleaseLinux|Any CPU
		{41460891-9AFC-4259-8E83-3FEAE82BBA76}.ReleaseLinux|Any CPU.ActiveCfg = ReleaseLinux|Any CPU
		{41460891-9AFC-4259-8E83-3FEAE82BBA76}.ReleaseLinux|Any CPU.Build.0 = ReleaseLinux|Any CPU
		{11D6D023-BE58-4648-93AD-C52AD63E4A89}.Debug|Any CPU.ActiveCfg = Debug|Any CPU
		{11D6D023-BE58-4648-93AD-C52AD63E4A89}.Debug|Any CPU.Build.0 = Debug|Any CPU
		{11D6D023-BE58-4648-93AD-C52AD63E4A89}.DebugAndroid|Any CPU.ActiveCfg = Debug|Any CPU
		{11D6D023-BE58-4648-93AD-C52AD63E4A89}.DebugAndroid|Any CPU.Build.0 = Debug|Any CPU
		{11D6D023-BE58-4648-93AD-C52AD63E4A89}.DebugES|Any CPU.ActiveCfg = Debug|Any CPU
		{11D6D023-BE58-4648-93AD-C52AD63E4A89}.DebugES|Any CPU.Build.0 = Debug|Any CPU
		{11D6D023-BE58-4648-93AD-C52AD63E4A89}.Release|Any CPU.ActiveCfg = Release|Any CPU
		{11D6D023-BE58-4648-93AD-C52AD63E4A89}.Release|Any CPU.Build.0 = Release|Any CPU
		{11D6D023-BE58-4648-93AD-C52AD63E4A89}.ReleaseES|Any CPU.ActiveCfg = Release|Any CPU
		{11D6D023-BE58-4648-93AD-C52AD63E4A89}.ReleaseES|Any CPU.Build.0 = Release|Any CPU
		{11D6D023-BE58-4648-93AD-C52AD63E4A89}.ReleaseLinux|Any CPU.ActiveCfg = Release|Any CPU
		{11D6D023-BE58-4648-93AD-C52AD63E4A89}.ReleaseLinux|Any CPU.Build.0 = Release|Any CPU
		{FCD634B1-AE09-4D08-BFEC-A87CF66F2848}.Debug|Any CPU.ActiveCfg = Debug|Any CPU
		{FCD634B1-AE09-4D08-BFEC-A87CF66F2848}.Debug|Any CPU.Build.0 = Debug|Any CPU
		{FCD634B1-AE09-4D08-BFEC-A87CF66F2848}.DebugAndroid|Any CPU.ActiveCfg = Debug|Any CPU
		{FCD634B1-AE09-4D08-BFEC-A87CF66F2848}.DebugAndroid|Any CPU.Build.0 = Debug|Any CPU
		{FCD634B1-AE09-4D08-BFEC-A87CF66F2848}.DebugES|Any CPU.ActiveCfg = Debug|Any CPU
		{FCD634B1-AE09-4D08-BFEC-A87CF66F2848}.DebugES|Any CPU.Build.0 = Debug|Any CPU
		{FCD634B1-AE09-4D08-BFEC-A87CF66F2848}.Release|Any CPU.ActiveCfg = Release|Any CPU
		{FCD634B1-AE09-4D08-BFEC-A87CF66F2848}.Release|Any CPU.Build.0 = Release|Any CPU
		{FCD634B1-AE09-4D08-BFEC-A87CF66F2848}.ReleaseES|Any CPU.ActiveCfg = Release|Any CPU
		{FCD634B1-AE09-4D08-BFEC-A87CF66F2848}.ReleaseES|Any CPU.Build.0 = Release|Any CPU
		{FCD634B1-AE09-4D08-BFEC-A87CF66F2848}.ReleaseLinux|Any CPU.ActiveCfg = Release|Any CPU
		{FCD634B1-AE09-4D08-BFEC-A87CF66F2848}.ReleaseLinux|Any CPU.Build.0 = Release|Any CPU
	EndGlobalSection
	GlobalSection(SolutionProperties) = preSolution
		HideSolutionNode = FALSE
	EndGlobalSection
	GlobalSection(ExtensibilityGlobals) = postSolution
		SolutionGuid = {54F88798-00BA-4143-B0FA-223C1B229EDE}
	EndGlobalSection
EndGlobal
