
Microsoft Visual Studio Solution File, Format Version 12.00
# Visual Studio Version 16
VisualStudioVersion = 16.0.30204.135
MinimumVisualStudioVersion = 10.0.40219.1
Project("{2150E333-8FDC-42A3-9474-1A3956D46DE8}") = "Solution Items", "Solution Items", "{50F239F2-6D78-48C3-A4AB-824CE4EBC078}"
	ProjectSection(SolutionItems) = preProject
		appveyor.yml = appveyor.yml
		publish.ps1 = publish.ps1
	EndProjectSection
EndProject
Project("{9A19103F-16F7-4668-BE54-9A1E7A4F7556}") = "AmbermoonEditor", "AmbermoonEditor\AmbermoonEditor.csproj", "{590149D8-C736-46EA-A5E1-189AF81EE0C2}"
EndProject
Project("{9A19103F-16F7-4668-BE54-9A1E7A4F7556}") = "AmbermoonPack", "AmbermoonPack\AmbermoonPack.csproj", "{5A049015-D6F7-4DE9-86E5-1289053DC54B}"
EndProject
Project("{9A19103F-16F7-4668-BE54-9A1E7A4F7556}") = "MonsterValueChanger", "MonsterValueChanger\MonsterValueChanger.csproj", "{A5F2021C-9DFA-4195-A5E0-3E1090D93B38}"
EndProject
Project("{9A19103F-16F7-4668-BE54-9A1E7A4F7556}") = "AmbermoonTextImport", "AmbermoonTextImport\AmbermoonTextImport.csproj", "{7F4DC336-1F5E-4701-ABD2-EF18DCACE48F}"
EndProject
Project("{9A19103F-16F7-4668-BE54-9A1E7A4F7556}") = "AmbermoonDiskExtract", "AmbermoonDiskExtract\AmbermoonDiskExtract.csproj", "{01631570-E32D-4AC4-9091-79F79F86DBE9}"
EndProject
Project("{9A19103F-16F7-4668-BE54-9A1E7A4F7556}") = "AmbermoonPatcher", "AmbermoonPatcher\AmbermoonPatcher.csproj", "{B99E0FF0-47D0-4405-87BA-B2334D373D2B}"
EndProject
Global
	GlobalSection(SolutionConfigurationPlatforms) = preSolution
		Debug|Any CPU = Debug|Any CPU
		Release|Any CPU = Release|Any CPU
		ReleaseLinux|Any CPU = ReleaseLinux|Any CPU
	EndGlobalSection
	GlobalSection(ProjectConfigurationPlatforms) = postSolution
		{590149D8-C736-46EA-A5E1-189AF81EE0C2}.Debug|Any CPU.ActiveCfg = Debug|Any CPU
		{590149D8-C736-46EA-A5E1-189AF81EE0C2}.Debug|Any CPU.Build.0 = Debug|Any CPU
		{590149D8-C736-46EA-A5E1-189AF81EE0C2}.Release|Any CPU.ActiveCfg = Release|Any CPU
		{590149D8-C736-46EA-A5E1-189AF81EE0C2}.Release|Any CPU.Build.0 = Release|Any CPU
		{590149D8-C736-46EA-A5E1-189AF81EE0C2}.ReleaseLinux|Any CPU.ActiveCfg = ReleaseLinux|Any CPU
		{5A049015-D6F7-4DE9-86E5-1289053DC54B}.Debug|Any CPU.ActiveCfg = Debug|Any CPU
		{5A049015-D6F7-4DE9-86E5-1289053DC54B}.Debug|Any CPU.Build.0 = Debug|Any CPU
		{5A049015-D6F7-4DE9-86E5-1289053DC54B}.Release|Any CPU.ActiveCfg = Release|Any CPU
		{5A049015-D6F7-4DE9-86E5-1289053DC54B}.Release|Any CPU.Build.0 = Release|Any CPU
		{5A049015-D6F7-4DE9-86E5-1289053DC54B}.ReleaseLinux|Any CPU.ActiveCfg = ReleaseLinux|Any CPU
		{5A049015-D6F7-4DE9-86E5-1289053DC54B}.ReleaseLinux|Any CPU.Build.0 = ReleaseLinux|Any CPU
		{A5F2021C-9DFA-4195-A5E0-3E1090D93B38}.Debug|Any CPU.ActiveCfg = Debug|Any CPU
		{A5F2021C-9DFA-4195-A5E0-3E1090D93B38}.Debug|Any CPU.Build.0 = Debug|Any CPU
		{A5F2021C-9DFA-4195-A5E0-3E1090D93B38}.Release|Any CPU.ActiveCfg = Release|Any CPU
		{A5F2021C-9DFA-4195-A5E0-3E1090D93B38}.Release|Any CPU.Build.0 = Release|Any CPU
		{A5F2021C-9DFA-4195-A5E0-3E1090D93B38}.ReleaseLinux|Any CPU.ActiveCfg = ReleaseLinux|Any CPU
		{A5F2021C-9DFA-4195-A5E0-3E1090D93B38}.ReleaseLinux|Any CPU.Build.0 = ReleaseLinux|Any CPU
		{7F4DC336-1F5E-4701-ABD2-EF18DCACE48F}.Debug|Any CPU.ActiveCfg = Debug|Any CPU
		{7F4DC336-1F5E-4701-ABD2-EF18DCACE48F}.Debug|Any CPU.Build.0 = Debug|Any CPU
		{7F4DC336-1F5E-4701-ABD2-EF18DCACE48F}.Release|Any CPU.ActiveCfg = Release|Any CPU
		{7F4DC336-1F5E-4701-ABD2-EF18DCACE48F}.Release|Any CPU.Build.0 = Release|Any CPU
		{7F4DC336-1F5E-4701-ABD2-EF18DCACE48F}.ReleaseLinux|Any CPU.ActiveCfg = ReleaseLinux|Any CPU
		{7F4DC336-1F5E-4701-ABD2-EF18DCACE48F}.ReleaseLinux|Any CPU.Build.0 = ReleaseLinux|Any CPU
		{01631570-E32D-4AC4-9091-79F79F86DBE9}.Debug|Any CPU.ActiveCfg = Debug|Any CPU
		{01631570-E32D-4AC4-9091-79F79F86DBE9}.Debug|Any CPU.Build.0 = Debug|Any CPU
		{01631570-E32D-4AC4-9091-79F79F86DBE9}.Release|Any CPU.ActiveCfg = Release|Any CPU
		{01631570-E32D-4AC4-9091-79F79F86DBE9}.Release|Any CPU.Build.0 = Release|Any CPU
		{01631570-E32D-4AC4-9091-79F79F86DBE9}.ReleaseLinux|Any CPU.ActiveCfg = Release|Any CPU
		{01631570-E32D-4AC4-9091-79F79F86DBE9}.ReleaseLinux|Any CPU.Build.0 = Release|Any CPU
		{B99E0FF0-47D0-4405-87BA-B2334D373D2B}.Debug|Any CPU.ActiveCfg = Debug|Any CPU
		{B99E0FF0-47D0-4405-87BA-B2334D373D2B}.Debug|Any CPU.Build.0 = Debug|Any CPU
		{B99E0FF0-47D0-4405-87BA-B2334D373D2B}.Release|Any CPU.ActiveCfg = Release|Any CPU
		{B99E0FF0-47D0-4405-87BA-B2334D373D2B}.Release|Any CPU.Build.0 = Release|Any CPU
		{B99E0FF0-47D0-4405-87BA-B2334D373D2B}.ReleaseLinux|Any CPU.ActiveCfg = Release|Any CPU
		{B99E0FF0-47D0-4405-87BA-B2334D373D2B}.ReleaseLinux|Any CPU.Build.0 = Release|Any CPU
	EndGlobalSection
	GlobalSection(SolutionProperties) = preSolution
		HideSolutionNode = FALSE
	EndGlobalSection
	GlobalSection(ExtensibilityGlobals) = postSolution
		SolutionGuid = {54F88798-00BA-4143-B0FA-223C1B229EDE}
	EndGlobalSection
EndGlobal
